
Microsoft Visual Studio Solution File, Format Version 12.00
# Visual Studio Version 16
VisualStudioVersion = 16.0.30517.126
MinimumVisualStudioVersion = 10.0.40219.1
Project("{FAE04EC0-301F-11D3-BF4B-00C04F79EFBC}") = "lab_14_WindowsForms", "lab_14_WindowsForms.csproj", "{ABB7F099-14C9-4C3B-B54C-C31D3DADBE83}"
EndProject
Global
	GlobalSection(SolutionConfigurationPlatforms) = preSolution
		Debug|Any CPU = Debug|Any CPU
		Release|Any CPU = Release|Any CPU
	EndGlobalSection
	GlobalSection(ProjectConfigurationPlatforms) = postSolution
		{ABB7F099-14C9-4C3B-B54C-C31D3DADBE83}.Debug|Any CPU.ActiveCfg = Debug|Any CPU
		{ABB7F099-14C9-4C3B-B54C-C31D3DADBE83}.Debug|Any CPU.Build.0 = Debug|Any CPU
		{ABB7F099-14C9-4C3B-B54C-C31D3DADBE83}.Release|Any CPU.ActiveCfg = Release|Any CPU
		{ABB7F099-14C9-4C3B-B54C-C31D3DADBE83}.Release|Any CPU.Build.0 = Release|Any CPU
	EndGlobalSection
	GlobalSection(SolutionProperties) = preSolution
		HideSolutionNode = FALSE
	EndGlobalSection
	GlobalSection(ExtensibilityGlobals) = postSolution
		SolutionGuid = {8F13EBDE-C953-4A99-9A1F-DFAA35DF1002}
	EndGlobalSection
EndGlobal
