
Microsoft Visual Studio Solution File, Format Version 12.00
# Visual Studio Version 16
VisualStudioVersion = 16.0.30517.126
MinimumVisualStudioVersion = 10.0.40219.1
Project("{FAE04EC0-301F-11D3-BF4B-00C04F79EFBC}") = "lab20", "lab20.csproj", "{A39C0367-7C40-49F5-9573-786111AD2BD7}"
EndProject
Global
	GlobalSection(SolutionConfigurationPlatforms) = preSolution
		Debug|Any CPU = Debug|Any CPU
		Release|Any CPU = Release|Any CPU
	EndGlobalSection
	GlobalSection(ProjectConfigurationPlatforms) = postSolution
		{A39C0367-7C40-49F5-9573-786111AD2BD7}.Debug|Any CPU.ActiveCfg = Debug|Any CPU
		{A39C0367-7C40-49F5-9573-786111AD2BD7}.Debug|Any CPU.Build.0 = Debug|Any CPU
		{A39C0367-7C40-49F5-9573-786111AD2BD7}.Release|Any CPU.ActiveCfg = Release|Any CPU
		{A39C0367-7C40-49F5-9573-786111AD2BD7}.Release|Any CPU.Build.0 = Release|Any CPU
	EndGlobalSection
	GlobalSection(SolutionProperties) = preSolution
		HideSolutionNode = FALSE
	EndGlobalSection
	GlobalSection(ExtensibilityGlobals) = postSolution
		SolutionGuid = {02B7E2B9-4AAA-415E-BECB-76DAE5F647A5}
	EndGlobalSection
EndGlobal
