
Microsoft Visual Studio Solution File, Format Version 12.00
# Visual Studio Version 16
VisualStudioVersion = 16.0.30517.126
MinimumVisualStudioVersion = 10.0.40219.1
Project("{FAE04EC0-301F-11D3-BF4B-00C04F79EFBC}") = "lab_13", "lab_13.csproj", "{BC343DCE-52B4-4B24-9B6C-0A2053C9D46F}"
EndProject
Global
	GlobalSection(SolutionConfigurationPlatforms) = preSolution
		Debug|Any CPU = Debug|Any CPU
		Release|Any CPU = Release|Any CPU
	EndGlobalSection
	GlobalSection(ProjectConfigurationPlatforms) = postSolution
		{BC343DCE-52B4-4B24-9B6C-0A2053C9D46F}.Debug|Any CPU.ActiveCfg = Debug|Any CPU
		{BC343DCE-52B4-4B24-9B6C-0A2053C9D46F}.Debug|Any CPU.Build.0 = Debug|Any CPU
		{BC343DCE-52B4-4B24-9B6C-0A2053C9D46F}.Release|Any CPU.ActiveCfg = Release|Any CPU
		{BC343DCE-52B4-4B24-9B6C-0A2053C9D46F}.Release|Any CPU.Build.0 = Release|Any CPU
	EndGlobalSection
	GlobalSection(SolutionProperties) = preSolution
		HideSolutionNode = FALSE
	EndGlobalSection
	GlobalSection(ExtensibilityGlobals) = postSolution
		SolutionGuid = {ED4C9F95-DD1A-4DE8-A72C-B5FF75FD9102}
	EndGlobalSection
EndGlobal
